Microsoft Visual Studio Solution File, Format Version 11.00
# Visual Studio 2008

Project("{14F50EFB-4D00-6BB3-777E-956EDDCC10DA}") = "atlaseditor", "Assembly-CSharp.csproj", "{4F2FCEF6-3ADD-4B30-DC2D-9836CF709707}"
EndProject
Project("{14F50EFB-4D00-6BB3-777E-956EDDCC10DA}") = "atlaseditor", "Assembly-CSharp-Editor.csproj", "{6D46F2F8-6A87-4212-FC2F-406143E41FEC}"
EndProject
Global
	GlobalSection(SolutionConfigurationPlatforms) = preSolution
		Debug|Any CPU = Debug|Any CPU
		Release|Any CPU = Release|Any CPU
	EndGlobalSection
	GlobalSection(ProjectConfigurationPlatforms) = postSolution
		{4F2FCEF6-3ADD-4B30-DC2D-9836CF709707}.Debug|Any CPU.ActiveCfg = Debug|Any CPU
		{4F2FCEF6-3ADD-4B30-DC2D-9836CF709707}.Debug|Any CPU.Build.0 = Debug|Any CPU
		{4F2FCEF6-3ADD-4B30-DC2D-9836CF709707}.Release|Any CPU.ActiveCfg = Release|Any CPU
		{4F2FCEF6-3ADD-4B30-DC2D-9836CF709707}.Release|Any CPU.Build.0 = Release|Any CPU
		{6D46F2F8-6A87-4212-FC2F-406143E41FEC}.Debug|Any CPU.ActiveCfg = Debug|Any CPU
		{6D46F2F8-6A87-4212-FC2F-406143E41FEC}.Debug|Any CPU.Build.0 = Debug|Any CPU
		{6D46F2F8-6A87-4212-FC2F-406143E41FEC}.Release|Any CPU.ActiveCfg = Release|Any CPU
		{6D46F2F8-6A87-4212-FC2F-406143E41FEC}.Release|Any CPU.Build.0 = Release|Any CPU
	EndGlobalSection
	GlobalSection(SolutionProperties) = preSolution
		HideSolutionNode = FALSE
	EndGlobalSection
																										GlobalSection(MonoDevelopProperties) = preSolution
		StartupItem = Assembly-CSharp.csproj
		Policies = $0
		$0.TextStylePolicy = $1
		$1.inheritsSet = null
		$1.scope = text/x-csharp
		$0.CSharpFormattingPolicy = $2
		$2.inheritsSet = Mono
		$2.inheritsScope = text/x-csharp
		$2.scope = text/x-csharp
		$0.TextStylePolicy = $3
		$3.FileWidth = 120
		$3.TabWidth = 4
		$3.EolMarker = Unix
		$3.inheritsSet = Mono
		$3.inheritsScope = text/plain
		$3.scope = text/plain
	EndGlobalSection

EndGlobal
