Microsoft Visual Studio Solution File, Format Version 11.00
# Visual Studio 2008

Project("{6822CA58-F9CE-ED86-68D9-FF6F11805ADD}") = "free.atlas", "Assembly-CSharp-vs.csproj", "{B1D0F264-8BC4-E7F3-4E54-E5DDF2FD63C9}"
EndProject
Project("{6822CA58-F9CE-ED86-68D9-FF6F11805ADD}") = "free.atlas", "Assembly-CSharp-Editor-vs.csproj", "{7BB6E481-09FE-111F-351F-6822C887CAD0}"
EndProject
Global
	GlobalSection(SolutionConfigurationPlatforms) = preSolution
		Debug|Any CPU = Debug|Any CPU
		Release|Any CPU = Release|Any CPU
	EndGlobalSection
	GlobalSection(ProjectConfigurationPlatforms) = postSolution
		{B1D0F264-8BC4-E7F3-4E54-E5DDF2FD63C9}.Debug|Any CPU.ActiveCfg = Debug|Any CPU
		{B1D0F264-8BC4-E7F3-4E54-E5DDF2FD63C9}.Debug|Any CPU.Build.0 = Debug|Any CPU
		{B1D0F264-8BC4-E7F3-4E54-E5DDF2FD63C9}.Release|Any CPU.ActiveCfg = Release|Any CPU
		{B1D0F264-8BC4-E7F3-4E54-E5DDF2FD63C9}.Release|Any CPU.Build.0 = Release|Any CPU
		{7BB6E481-09FE-111F-351F-6822C887CAD0}.Debug|Any CPU.ActiveCfg = Debug|Any CPU
		{7BB6E481-09FE-111F-351F-6822C887CAD0}.Debug|Any CPU.Build.0 = Debug|Any CPU
		{7BB6E481-09FE-111F-351F-6822C887CAD0}.Release|Any CPU.ActiveCfg = Release|Any CPU
		{7BB6E481-09FE-111F-351F-6822C887CAD0}.Release|Any CPU.Build.0 = Release|Any CPU
	EndGlobalSection
	GlobalSection(SolutionProperties) = preSolution
		HideSolutionNode = FALSE
	EndGlobalSection
																																			GlobalSection(MonoDevelopProperties) = preSolution
		StartupItem = Assembly-CSharp.csproj
		Policies = $0
		$0.TextStylePolicy = $1
		$1.inheritsSet = null
		$1.scope = text/x-csharp
		$0.CSharpFormattingPolicy = $2
		$2.inheritsSet = Mono
		$2.inheritsScope = text/x-csharp
		$2.scope = text/x-csharp
		$0.TextStylePolicy = $3
		$3.FileWidth = 120
		$3.TabWidth = 4
		$3.EolMarker = Unix
		$3.inheritsSet = Mono
		$3.inheritsScope = text/plain
		$3.scope = text/plain
	EndGlobalSection

EndGlobal
